// !$*UTF8*$!
{
	archiveVersion = 1;
	classes = {
	};
	objectVersion = 46;
	objects = {

/* Begin PBXBuildFile section */
		812732B81BA7FF9D00C5099D /* main.m in Sources */ = {isa = PBXBuildFile; fileRef = 812732B71BA7FF9D00C5099D /* main.m */; };
		812732BB1BA7FF9D00C5099D /* AppDelegate.m in Sources */ = {isa = PBXBuildFile; fileRef = 812732BA1BA7FF9D00C5099D /* AppDelegate.m */; };
		812732C61BA7FF9D00C5099D /* Assets.xcassets in Resources */ = {isa = PBXBuildFile; fileRef = 812732C51BA7FF9D00C5099D /* Assets.xcassets */; };
		812732DA1BA8098B00C5099D /* BookViewController.m in Sources */ = {isa = PBXBuildFile; fileRef = 812732D91BA8098B00C5099D /* BookViewController.m */; settings = {ASSET_TAGS = (); }; };
		812732DF1BA8119900C5099D /* MainViewController.m in Sources */ = {isa = PBXBuildFile; fileRef = 812732DE1BA8119900C5099D /* MainViewController.m */; settings = {ASSET_TAGS = (); }; };
		812732E51BA8213500C5099D /* HomeViewController.m in Sources */ = {isa = PBXBuildFile; fileRef = 812732E41BA8213500C5099D /* HomeViewController.m */; settings = {ASSET_TAGS = (); }; };
		812732E71BA8214500C5099D /* CaseViewController.m in Sources */ = {isa = PBXBuildFile; fileRef = 812732E61BA8214500C5099D /* CaseViewController.m */; settings = {ASSET_TAGS = (); }; };
		812732E91BA8215900C5099D /* SelfViewController.m in Sources */ = {isa = PBXBuildFile; fileRef = 812732E81BA8215900C5099D /* SelfViewController.m */; settings = {ASSET_TAGS = (); }; };
		812733021BA9149900C5099D /* case_select@2x.png in Resources */ = {isa = PBXBuildFile; fileRef = 812732FC1BA9149900C5099D /* case_select@2x.png */; settings = {ASSET_TAGS = (); }; };
		812733031BA9149900C5099D /* case@2x.png in Resources */ = {isa = PBXBuildFile; fileRef = 812732FD1BA9149900C5099D /* case@2x.png */; settings = {ASSET_TAGS = (); }; };
		812733041BA9149900C5099D /* home_select@2x.png in Resources */ = {isa = PBXBuildFile; fileRef = 812732FE1BA9149900C5099D /* home_select@2x.png */; settings = {ASSET_TAGS = (); }; };
		812733051BA9149900C5099D /* home@2x.png in Resources */ = {isa = PBXBuildFile; fileRef = 812732FF1BA9149900C5099D /* home@2x.png */; settings = {ASSET_TAGS = (); }; };
		812733061BA9149900C5099D /* self_select@2x.png in Resources */ = {isa = PBXBuildFile; fileRef = 812733001BA9149900C5099D /* self_select@2x.png */; settings = {ASSET_TAGS = (); }; };
		812733071BA9149900C5099D /* self@2x.png in Resources */ = {isa = PBXBuildFile; fileRef = 812733011BA9149900C5099D /* self@2x.png */; settings = {ASSET_TAGS = (); }; };
		814B52C71BA928F700DBBADE /* page1.jpg in Resources */ = {isa = PBXBuildFile; fileRef = 814B52C51BA928F700DBBADE /* page1.jpg */; settings = {ASSET_TAGS = (); }; };
		814B52C81BA928F700DBBADE /* page2.jpg in Resources */ = {isa = PBXBuildFile; fileRef = 814B52C61BA928F700DBBADE /* page2.jpg */; settings = {ASSET_TAGS = (); }; };
		814B52CB1BA9555100DBBADE /* page3.jpg in Resources */ = {isa = PBXBuildFile; fileRef = 814B52C91BA9555100DBBADE /* page3.jpg */; settings = {ASSET_TAGS = (); }; };
		814B52CC1BA9555100DBBADE /* page4.jpg in Resources */ = {isa = PBXBuildFile; fileRef = 814B52CA1BA9555100DBBADE /* page4.jpg */; settings = {ASSET_TAGS = (); }; };
		814B52D71BAAB77600DBBADE /* UITableViewScrollCell.m in Sources */ = {isa = PBXBuildFile; fileRef = 814B52D61BAAB77600DBBADE /* UITableViewScrollCell.m */; settings = {ASSET_TAGS = (); }; };
		814B52DA1BAACE1600DBBADE /* UITableViewScrollCellModel.m in Sources */ = {isa = PBXBuildFile; fileRef = 814B52D91BAACE1600DBBADE /* UITableViewScrollCellModel.m */; settings = {ASSET_TAGS = (); }; };
		814B52DD1BABB54400DBBADE /* UIBaseTableViewCell.m in Sources */ = {isa = PBXBuildFile; fileRef = 814B52DC1BABB54400DBBADE /* UIBaseTableViewCell.m */; settings = {ASSET_TAGS = (); }; };
		814B52E01BABB70000DBBADE /* UIBaseTableViewCellGroup.m in Sources */ = {isa = PBXBuildFile; fileRef = 814B52DF1BABB70000DBBADE /* UIBaseTableViewCellGroup.m */; settings = {ASSET_TAGS = (); }; };
		814B52EE1BABBA2E00DBBADE /* UITableViewCell_1X.m in Sources */ = {isa = PBXBuildFile; fileRef = 814B52ED1BABBA2E00DBBADE /* UITableViewCell_1X.m */; settings = {ASSET_TAGS = (); }; };
		814B52F01BABBAE100DBBADE /* UITableViewCell_2X.m in Sources */ = {isa = PBXBuildFile; fileRef = 814B52EF1BABBAE100DBBADE /* UITableViewCell_2X.m */; settings = {ASSET_TAGS = (); }; };
		814B52F61BABEAF300DBBADE /* MBookInfo.m in Sources */ = {isa = PBXBuildFile; fileRef = 814B52F51BABEAF300DBBADE /* MBookInfo.m */; settings = {ASSET_TAGS = (); }; };
		814B52FA1BABEE8300DBBADE /* MInfo.m in Sources */ = {isa = PBXBuildFile; fileRef = 814B52F91BABEE8300DBBADE /* MInfo.m */; settings = {ASSET_TAGS = (); }; };
		814B52FE1BABF92600DBBADE /* Http.m in Sources */ = {isa = PBXBuildFile; fileRef = 814B52FD1BABF92600DBBADE /* Http.m */; settings = {ASSET_TAGS = (); }; };
		81BB7F281BAC27390035C7AC /* EImageLoadPooler.m in Sources */ = {isa = PBXBuildFile; fileRef = 81BB7F271BAC27390035C7AC /* EImageLoadPooler.m */; settings = {ASSET_TAGS = (); }; };
		81BB7F2A1BAC284D0035C7AC /* EHttp.m in Sources */ = {isa = PBXBuildFile; fileRef = 81BB7F291BAC284D0035C7AC /* EHttp.m */; settings = {ASSET_TAGS = (); }; };
/* End PBXBuildFile section */

/* Begin PBXFileReference section */
		812732B31BA7FF9D00C5099D /* ladder.app */ = {isa = PBXFileReference; explicitFileType = wrapper.application; includeInIndex = 0; path = ladder.app; sourceTree = BUILT_PRODUCTS_DIR; };
		812732B71BA7FF9D00C5099D /* main.m */ = {isa = PBXFileReference; lastKnownFileType = sourcecode.c.objc; path = main.m; sourceTree = "<group>"; };
		812732B91BA7FF9D00C5099D /* AppDelegate.h */ = {isa = PBXFileReference; lastKnownFileType = sourcecode.c.h; path = AppDelegate.h; sourceTree = "<group>"; };
		812732BA1BA7FF9D00C5099D /* AppDelegate.m */ = {isa = PBXFileReference; lastKnownFileType = sourcecode.c.objc; path = AppDelegate.m; sourceTree = "<group>"; };
		812732C51BA7FF9D00C5099D /* Assets.xcassets */ = {isa = PBXFileReference; lastKnownFileType = folder.assetcatalog; path = Assets.xcassets; sourceTree = "<group>"; };
		812732CA1BA7FF9D00C5099D /* Info.plist */ = {isa = PBXFileReference; lastKnownFileType = text.plist.xml; path = Info.plist; sourceTree = "<group>"; };
		812732D91BA8098B00C5099D /* BookViewController.m */ = {isa = PBXFileReference; fileEncoding = 4; lastKnownFileType = sourcecode.c.objc; path = BookViewController.m; sourceTree = "<group>"; };
		812732DB1BA809A300C5099D /* BookViewController.h */ = {isa = PBXFileReference; lastKnownFileType = sourcecode.c.h; path = BookViewController.h; sourceTree = "<group>"; };
		812732DD1BA8118500C5099D /* MainViewController.h */ = {isa = PBXFileReference; lastKnownFileType = sourcecode.c.h; path = MainViewController.h; sourceTree = "<group>"; };
		812732DE1BA8119900C5099D /* MainViewController.m */ = {isa = PBXFileReference; fileEncoding = 4; lastKnownFileType = sourcecode.c.objc; path = MainViewController.m; sourceTree = "<group>"; };
		812732E11BA812B300C5099D /* HomeViewController.h */ = {isa = PBXFileReference; lastKnownFileType = sourcecode.c.h; path = HomeViewController.h; sourceTree = "<group>"; };
		812732E21BA8210700C5099D /* CaseViewController.h */ = {isa = PBXFileReference; lastKnownFileType = sourcecode.c.h; path = CaseViewController.h; sourceTree = "<group>"; };
		812732E31BA8211800C5099D /* SelfViewController.h */ = {isa = PBXFileReference; lastKnownFileType = sourcecode.c.h; path = SelfViewController.h; sourceTree = "<group>"; };
		812732E41BA8213500C5099D /* HomeViewController.m */ = {isa = PBXFileReference; fileEncoding = 4; lastKnownFileType = sourcecode.c.objc; path = HomeViewController.m; sourceTree = "<group>"; };
		812732E61BA8214500C5099D /* CaseViewController.m */ = {isa = PBXFileReference; fileEncoding = 4; lastKnownFileType = sourcecode.c.objc; path = CaseViewController.m; sourceTree = "<group>"; };
		812732E81BA8215900C5099D /* SelfViewController.m */ = {isa = PBXFileReference; fileEncoding = 4; lastKnownFileType = sourcecode.c.objc; path = SelfViewController.m; sourceTree = "<group>"; };
		812732FC1BA9149900C5099D /* case_select@2x.png */ = {isa = PBXFileReference; lastKnownFileType = image.png; path = "case_select@2x.png"; sourceTree = "<group>"; };
		812732FD1BA9149900C5099D /* case@2x.png */ = {isa = PBXFileReference; lastKnownFileType = image.png; path = "case@2x.png"; sourceTree = "<group>"; };
		812732FE1BA9149900C5099D /* home_select@2x.png */ = {isa = PBXFileReference; lastKnownFileType = image.png; path = "home_select@2x.png"; sourceTree = "<group>"; };
		812732FF1BA9149900C5099D /* home@2x.png */ = {isa = PBXFileReference; lastKnownFileType = image.png; path = "home@2x.png"; sourceTree = "<group>"; };
		812733001BA9149900C5099D /* self_select@2x.png */ = {isa = PBXFileReference; lastKnownFileType = image.png; path = "self_select@2x.png"; sourceTree = "<group>"; };
		812733011BA9149900C5099D /* self@2x.png */ = {isa = PBXFileReference; lastKnownFileType = image.png; path = "self@2x.png"; sourceTree = "<group>"; };
		814B52C51BA928F700DBBADE /* page1.jpg */ = {isa = PBXFileReference; lastKnownFileType = image.jpeg; path = page1.jpg; sourceTree = "<group>"; };
		814B52C61BA928F700DBBADE /* page2.jpg */ = {isa = PBXFileReference; lastKnownFileType = image.jpeg; path = page2.jpg; sourceTree = "<group>"; };
		814B52C91BA9555100DBBADE /* page3.jpg */ = {isa = PBXFileReference; lastKnownFileType = image.jpeg; path = page3.jpg; sourceTree = "<group>"; };
		814B52CA1BA9555100DBBADE /* page4.jpg */ = {isa = PBXFileReference; lastKnownFileType = image.jpeg; path = page4.jpg; sourceTree = "<group>"; };
		814B52D51BAAB76C00DBBADE /* UITableViewScrollCell.h */ = {isa = PBXFileReference; lastKnownFileType = sourcecode.c.h; path = UITableViewScrollCell.h; sourceTree = "<group>"; };
		814B52D61BAAB77600DBBADE /* UITableViewScrollCell.m */ = {isa = PBXFileReference; fileEncoding = 4; lastKnownFileType = sourcecode.c.objc; path = UITableViewScrollCell.m; sourceTree = "<group>"; };
		814B52D81BAACE0B00DBBADE /* UITableViewScrollCellModel.h */ = {isa = PBXFileReference; lastKnownFileType = sourcecode.c.h; path = UITableViewScrollCellModel.h; sourceTree = "<group>"; };
		814B52D91BAACE1600DBBADE /* UITableViewScrollCellModel.m */ = {isa = PBXFileReference; fileEncoding = 4; lastKnownFileType = sourcecode.c.objc; path = UITableViewScrollCellModel.m; sourceTree = "<group>"; };
		814B52DB1BABB53A00DBBADE /* UIBaseTableViewCell.h */ = {isa = PBXFileReference; lastKnownFileType = sourcecode.c.h; path = UIBaseTableViewCell.h; sourceTree = "<group>"; };
		814B52DC1BABB54400DBBADE /* UIBaseTableViewCell.m */ = {isa = PBXFileReference; fileEncoding = 4; lastKnownFileType = sourcecode.c.objc; path = UIBaseTableViewCell.m; sourceTree = "<group>"; };
		814B52DE1BABB6F600DBBADE /* UIBaseTableViewCellGroup.h */ = {isa = PBXFileReference; lastKnownFileType = sourcecode.c.h; path = UIBaseTableViewCellGroup.h; sourceTree = "<group>"; };
		814B52DF1BABB70000DBBADE /* UIBaseTableViewCellGroup.m */ = {isa = PBXFileReference; fileEncoding = 4; lastKnownFileType = sourcecode.c.objc; path = UIBaseTableViewCellGroup.m; sourceTree = "<group>"; };
		814B52EC1BABBA1900DBBADE /* UITableViewCell_1X.h */ = {isa = PBXFileReference; lastKnownFileType = sourcecode.c.h; path = UITableViewCell_1X.h; sourceTree = "<group>"; };
		814B52ED1BABBA2E00DBBADE /* UITableViewCell_1X.m */ = {isa = PBXFileReference; fileEncoding = 4; lastKnownFileType = sourcecode.c.objc; path = UITableViewCell_1X.m; sourceTree = "<group>"; };
		814B52EF1BABBAE100DBBADE /* UITableViewCell_2X.m */ = {isa = PBXFileReference; fileEncoding = 4; lastKnownFileType = sourcecode.c.objc; path = UITableViewCell_2X.m; sourceTree = "<group>"; };
		814B52F11BABBAEC00DBBADE /* UITableViewCell_2X.h */ = {isa = PBXFileReference; lastKnownFileType = sourcecode.c.h; path = UITableViewCell_2X.h; sourceTree = "<group>"; };
		814B52F31BABE85700DBBADE /* MBookInfo.h */ = {isa = PBXFileReference; lastKnownFileType = sourcecode.c.h; path = MBookInfo.h; sourceTree = "<group>"; };
		814B52F41BABEA5D00DBBADE /* MAction.h */ = {isa = PBXFileReference; lastKnownFileType = sourcecode.c.h; path = MAction.h; sourceTree = "<group>"; };
		814B52F51BABEAF300DBBADE /* MBookInfo.m */ = {isa = PBXFileReference; fileEncoding = 4; lastKnownFileType = sourcecode.c.objc; path = MBookInfo.m; sourceTree = "<group>"; };
		814B52F81BABEE7800DBBADE /* MInfo.h */ = {isa = PBXFileReference; lastKnownFileType = sourcecode.c.h; path = MInfo.h; sourceTree = "<group>"; };
		814B52F91BABEE8300DBBADE /* MInfo.m */ = {isa = PBXFileReference; fileEncoding = 4; lastKnownFileType = sourcecode.c.objc; path = MInfo.m; sourceTree = "<group>"; };
		814B52FC1BABF91C00DBBADE /* Http.h */ = {isa = PBXFileReference; lastKnownFileType = sourcecode.c.h; path = Http.h; sourceTree = "<group>"; };
		814B52FD1BABF92600DBBADE /* Http.m */ = {isa = PBXFileReference; fileEncoding = 4; lastKnownFileType = sourcecode.c.objc; path = Http.m; sourceTree = "<group>"; };
		81BB7F261BAC272B0035C7AC /* EImageLoadPooler.h */ = {isa = PBXFileReference; lastKnownFileType = sourcecode.c.h; path = EImageLoadPooler.h; sourceTree = "<group>"; };
		81BB7F271BAC27390035C7AC /* EImageLoadPooler.m */ = {isa = PBXFileReference; fileEncoding = 4; lastKnownFileType = sourcecode.c.objc; path = EImageLoadPooler.m; sourceTree = "<group>"; };
		81BB7F291BAC284D0035C7AC /* EHttp.m */ = {isa = PBXFileReference; fileEncoding = 4; lastKnownFileType = sourcecode.c.objc; path = EHttp.m; sourceTree = "<group>"; };
		81BB7F2B1BAC28570035C7AC /* EHttp.h */ = {isa = PBXFileReference; lastKnownFileType = sourcecode.c.h; path = EHttp.h; sourceTree = "<group>"; };
/* End PBXFileReference section */

/* Begin PBXFrameworksBuildPhase section */
		812732B01BA7FF9D00C5099D /* Frameworks */ = {
			isa = PBXFrameworksBuildPhase;
			buildActionMask = 2147483647;
			files = (
			);
			runOnlyForDeploymentPostprocessing = 0;
		};
/* End PBXFrameworksBuildPhase section */

/* Begin PBXGroup section */
		812732AA1BA7FF9D00C5099D = {
			isa = PBXGroup;
			children = (
				812732B51BA7FF9D00C5099D /* ladder */,
				812732B41BA7FF9D00C5099D /* Products */,
			);
			sourceTree = "<group>";
		};
		812732B41BA7FF9D00C5099D /* Products */ = {
			isa = PBXGroup;
			children = (
				812732B31BA7FF9D00C5099D /* ladder.app */,
			);
			name = Products;
			sourceTree = "<group>";
		};
		812732B51BA7FF9D00C5099D /* ladder */ = {
			isa = PBXGroup;
			children = (
				814B52FB1BABF8FD00DBBADE /* Http */,
				814B52E31BABB75000DBBADE /* Main */,
				814B52CD1BAA5FB700DBBADE /* Cell */,
				812732D81BA8094900C5099D /* View */,
				812732B61BA7FF9D00C5099D /* Supporting Files */,
			);
			path = ladder;
			sourceTree = "<group>";
		};
		812732B61BA7FF9D00C5099D /* Supporting Files */ = {
			isa = PBXGroup;
			children = (
				814B52C91BA9555100DBBADE /* page3.jpg */,
				814B52CA1BA9555100DBBADE /* page4.jpg */,
				814B52C51BA928F700DBBADE /* page1.jpg */,
				814B52C61BA928F700DBBADE /* page2.jpg */,
				812732FC1BA9149900C5099D /* case_select@2x.png */,
				812732FD1BA9149900C5099D /* case@2x.png */,
				812732FE1BA9149900C5099D /* home_select@2x.png */,
				812732FF1BA9149900C5099D /* home@2x.png */,
				812733001BA9149900C5099D /* self_select@2x.png */,
				812733011BA9149900C5099D /* self@2x.png */,
			);
			name = "Supporting Files";
			sourceTree = "<group>";
		};
		812732D81BA8094900C5099D /* View */ = {
			isa = PBXGroup;
			children = (
				812732DB1BA809A300C5099D /* BookViewController.h */,
				812732D91BA8098B00C5099D /* BookViewController.m */,
				812732DD1BA8118500C5099D /* MainViewController.h */,
				812732DE1BA8119900C5099D /* MainViewController.m */,
				812732E11BA812B300C5099D /* HomeViewController.h */,
				812732E41BA8213500C5099D /* HomeViewController.m */,
				812732E21BA8210700C5099D /* CaseViewController.h */,
				812732E61BA8214500C5099D /* CaseViewController.m */,
				812732E31BA8211800C5099D /* SelfViewController.h */,
				812732E81BA8215900C5099D /* SelfViewController.m */,
			);
			name = View;
			sourceTree = "<group>";
		};
		814B52CD1BAA5FB700DBBADE /* Cell */ = {
			isa = PBXGroup;
			children = (
				814B52F21BABE82C00DBBADE /* Model */,
				814B52E61BABB82200DBBADE /* List_1X */,
				814B52E51BABB80400DBBADE /* List_2X */,
				814B52E41BABB7F700DBBADE /* Html */,
				814B52E21BABB73300DBBADE /* Scroll */,
				814B52E11BABB72400DBBADE /* Base */,
			);
			name = Cell;
			sourceTree = "<group>";
		};
		814B52E11BABB72400DBBADE /* Base */ = {
			isa = PBXGroup;
			children = (
				814B52DB1BABB53A00DBBADE /* UIBaseTableViewCell.h */,
				814B52DC1BABB54400DBBADE /* UIBaseTableViewCell.m */,
				814B52DE1BABB6F600DBBADE /* UIBaseTableViewCellGroup.h */,
				814B52DF1BABB70000DBBADE /* UIBaseTableViewCellGroup.m */,
			);
			name = Base;
			sourceTree = "<group>";
		};
		814B52E21BABB73300DBBADE /* Scroll */ = {
			isa = PBXGroup;
			children = (
				814B52D51BAAB76C00DBBADE /* UITableViewScrollCell.h */,
				814B52D61BAAB77600DBBADE /* UITableViewScrollCell.m */,
				814B52D81BAACE0B00DBBADE /* UITableViewScrollCellModel.h */,
				814B52D91BAACE1600DBBADE /* UITableViewScrollCellModel.m */,
			);
			name = Scroll;
			sourceTree = "<group>";
		};
		814B52E31BABB75000DBBADE /* Main */ = {
			isa = PBXGroup;
			children = (
				812732B71BA7FF9D00C5099D /* main.m */,
				812732B91BA7FF9D00C5099D /* AppDelegate.h */,
				812732BA1BA7FF9D00C5099D /* AppDelegate.m */,
				812732C51BA7FF9D00C5099D /* Assets.xcassets */,
				812732CA1BA7FF9D00C5099D /* Info.plist */,
			);
			name = Main;
			sourceTree = "<group>";
		};
		814B52E41BABB7F700DBBADE /* Html */ = {
			isa = PBXGroup;
			children = (
			);
			name = Html;
			sourceTree = "<group>";
		};
		814B52E51BABB80400DBBADE /* List_2X */ = {
			isa = PBXGroup;
			children = (
				814B52F11BABBAEC00DBBADE /* UITableViewCell_2X.h */,
				814B52EF1BABBAE100DBBADE /* UITableViewCell_2X.m */,
			);
			name = List_2X;
			sourceTree = "<group>";
		};
		814B52E61BABB82200DBBADE /* List_1X */ = {
			isa = PBXGroup;
			children = (
				814B52EC1BABBA1900DBBADE /* UITableViewCell_1X.h */,
				814B52ED1BABBA2E00DBBADE /* UITableViewCell_1X.m */,
			);
			name = List_1X;
			sourceTree = "<group>";
		};
		814B52F21BABE82C00DBBADE /* Model */ = {
			isa = PBXGroup;
			children = (
				814B52F81BABEE7800DBBADE /* MInfo.h */,
				814B52F91BABEE8300DBBADE /* MInfo.m */,
				814B52F31BABE85700DBBADE /* MBookInfo.h */,
				814B52F51BABEAF300DBBADE /* MBookInfo.m */,
				814B52F41BABEA5D00DBBADE /* MAction.h */,
			);
			name = Model;
			sourceTree = "<group>";
		};
		814B52FB1BABF8FD00DBBADE /* Http */ = {
			isa = PBXGroup;
			children = (
				814B52FC1BABF91C00DBBADE /* Http.h */,
				814B52FD1BABF92600DBBADE /* Http.m */,
				81BB7F2B1BAC28570035C7AC /* EHttp.h */,
				81BB7F291BAC284D0035C7AC /* EHttp.m */,
				81BB7F261BAC272B0035C7AC /* EImageLoadPooler.h */,
				81BB7F271BAC27390035C7AC /* EImageLoadPooler.m */,
			);
			name = Http;
			sourceTree = "<group>";
		};
/* End PBXGroup section */

/* Begin PBXNativeTarget section */
		812732B21BA7FF9D00C5099D /* ladder */ = {
			isa = PBXNativeTarget;
			buildConfigurationList = 812732CD1BA7FF9D00C5099D /* Build configuration list for PBXNativeTarget "ladder" */;
			buildPhases = (
				812732AF1BA7FF9D00C5099D /* Sources */,
				812732B01BA7FF9D00C5099D /* Frameworks */,
				812732B11BA7FF9D00C5099D /* Resources */,
			);
			buildRules = (
			);
			dependencies = (
			);
			name = ladder;
			productName = ladder;
			productReference = 812732B31BA7FF9D00C5099D /* ladder.app */;
			productType = "com.apple.product-type.application";
		};
/* End PBXNativeTarget section */

/* Begin PBXProject section */
		812732AB1BA7FF9D00C5099D /* Project object */ = {
			isa = PBXProject;
			attributes = {
				LastUpgradeCheck = 0700;
				ORGANIZATIONNAME = YueDonglin;
				TargetAttributes = {
					812732B21BA7FF9D00C5099D = {
						CreatedOnToolsVersion = 7.0;
					};
				};
			};
			buildConfigurationList = 812732AE1BA7FF9D00C5099D /* Build configuration list for PBXProject "ladder" */;
			compatibilityVersion = "Xcode 3.2";
			developmentRegion = English;
			hasScannedForEncodings = 0;
			knownRegions = (
				en,
				Base,
			);
			mainGroup = 812732AA1BA7FF9D00C5099D;
			productRefGroup = 812732B41BA7FF9D00C5099D /* Products */;
			projectDirPath = "";
			projectRoot = "";
			targets = (
				812732B21BA7FF9D00C5099D /* ladder */,
			);
		};
/* End PBXProject section */

/* Begin PBXResourcesBuildPhase section */
		812732B11BA7FF9D00C5099D /* Resources */ = {
			isa = PBXResourcesBuildPhase;
			buildActionMask = 2147483647;
			files = (
				814B52CC1BA9555100DBBADE /* page4.jpg in Resources */,
				812733051BA9149900C5099D /* home@2x.png in Resources */,
				812733021BA9149900C5099D /* case_select@2x.png in Resources */,
				814B52CB1BA9555100DBBADE /* page3.jpg in Resources */,
				812732C61BA7FF9D00C5099D /* Assets.xcassets in Resources */,
				812733071BA9149900C5099D /* self@2x.png in Resources */,
				812733031BA9149900C5099D /* case@2x.png in Resources */,
				814B52C71BA928F700DBBADE /* page1.jpg in Resources */,
				812733061BA9149900C5099D /* self_select@2x.png in Resources */,
				812733041BA9149900C5099D /* home_select@2x.png in Resources */,
				814B52C81BA928F700DBBADE /* page2.jpg in Resources */,
			);
			runOnlyForDeploymentPostprocessing = 0;
		};
/* End PBXResourcesBuildPhase section */

/* Begin PBXSourcesBuildPhase section */
		812732AF1BA7FF9D00C5099D /* Sources */ = {
			isa = PBXSourcesBuildPhase;
			buildActionMask = 2147483647;
			files = (
				81BB7F281BAC27390035C7AC /* EImageLoadPooler.m in Sources */,
				814B52FA1BABEE8300DBBADE /* MInfo.m in Sources */,
				814B52FE1BABF92600DBBADE /* Http.m in Sources */,
				81BB7F2A1BAC284D0035C7AC /* EHttp.m in Sources */,
				814B52DD1BABB54400DBBADE /* UIBaseTableViewCell.m in Sources */,
				814B52D71BAAB77600DBBADE /* UITableViewScrollCell.m in Sources */,
				814B52E01BABB70000DBBADE /* UIBaseTableViewCellGroup.m in Sources */,
				812732DA1BA8098B00C5099D /* BookViewController.m in Sources */,
				814B52F01BABBAE100DBBADE /* UITableViewCell_2X.m in Sources */,
				814B52EE1BABBA2E00DBBADE /* UITableViewCell_1X.m in Sources */,
				812732E91BA8215900C5099D /* SelfViewController.m in Sources */,
				812732BB1BA7FF9D00C5099D /* AppDelegate.m in Sources */,
				812732E71BA8214500C5099D /* CaseViewController.m in Sources */,
				812732B81BA7FF9D00C5099D /* main.m in Sources */,
				812732E51BA8213500C5099D /* HomeViewController.m in Sources */,
				812732DF1BA8119900C5099D /* MainViewController.m in Sources */,
				814B52F61BABEAF300DBBADE /* MBookInfo.m in Sources */,
				814B52DA1BAACE1600DBBADE /* UITableViewScrollCellModel.m in Sources */,
			);
			runOnlyForDeploymentPostprocessing = 0;
		};
/* End PBXSourcesBuildPhase section */

/* Begin XCBuildConfiguration section */
		812732CB1BA7FF9D00C5099D /* Debug */ = {
			isa = XCBuildConfiguration;
			buildSettings = {
				ALWAYS_SEARCH_USER_PATHS = NO;
				CLANG_CXX_LANGUAGE_STANDARD = "gnu++0x";
				CLANG_CXX_LIBRARY = "libc++";
				CLANG_ENABLE_MODULES = YES;
				CLANG_ENABLE_OBJC_ARC = YES;
				CLANG_WARN_BOOL_CONVERSION = YES;
				CLANG_WARN_CONSTANT_CONVERSION = YES;
				CLANG_WARN_DIRECT_OBJC_ISA_USAGE = YES_ERROR;
				CLANG_WARN_EMPTY_BODY = YES;
				CLANG_WARN_ENUM_CONVERSION = YES;
				CLANG_WARN_INT_CONVERSION = YES;
				CLANG_WARN_OBJC_ROOT_CLASS = YES_ERROR;
				CLANG_WARN_UNREACHABLE_CODE = YES;
				CLANG_WARN__DUPLICATE_METHOD_MATCH = YES;
				"CODE_SIGN_IDENTITY[sdk=iphoneos*]" = "iPhone Developer";
				COPY_PHASE_STRIP = NO;
				DEBUG_INFORMATION_FORMAT = dwarf;
				ENABLE_STRICT_OBJC_MSGSEND = YES;
				ENABLE_TESTABILITY = YES;
				GCC_C_LANGUAGE_STANDARD = gnu99;
				GCC_DYNAMIC_NO_PIC = NO;
				GCC_NO_COMMON_BLOCKS = YES;
				GCC_OPTIMIZATION_LEVEL = 0;
				GCC_PREPROCESSOR_DEFINITIONS = (
					"DEBUG=1",
					"$(inherited)",
				);
				GCC_WARN_64_TO_32_BIT_CONVERSION = YES;
				GCC_WARN_ABOUT_RETURN_TYPE = YES_ERROR;
				GCC_WARN_UNDECLARED_SELECTOR = YES;
				GCC_WARN_UNINITIALIZED_AUTOS = YES_AGGRESSIVE;
				GCC_WARN_UNUSED_FUNCTION = YES;
				GCC_WARN_UNUSED_VARIABLE = YES;
				IPHONEOS_DEPLOYMENT_TARGET = 9.0;
				MTL_ENABLE_DEBUG_INFO = YES;
				ONLY_ACTIVE_ARCH = YES;
				SDKROOT = iphoneos;
				TARGETED_DEVICE_FAMILY = "1,2";
			};
			name = Debug;
		};
		812732CC1BA7FF9D00C5099D /* Release */ = {
			isa = XCBuildConfiguration;
			buildSettings = {
				ALWAYS_SEARCH_USER_PATHS = NO;
				CLANG_CXX_LANGUAGE_STANDARD = "gnu++0x";
				CLANG_CXX_LIBRARY = "libc++";
				CLANG_ENABLE_MODULES = YES;
				CLANG_ENABLE_OBJC_ARC = YES;
				CLANG_WARN_BOOL_CONVERSION = YES;
				CLANG_WARN_CONSTANT_CONVERSION = YES;
				CLANG_WARN_DIRECT_OBJC_ISA_USAGE = YES_ERROR;
				CLANG_WARN_EMPTY_BODY = YES;
				CLANG_WARN_ENUM_CONVERSION = YES;
				CLANG_WARN_INT_CONVERSION = YES;
				CLANG_WARN_OBJC_ROOT_CLASS = YES_ERROR;
				CLANG_WARN_UNREACHABLE_CODE = YES;
				CLANG_WARN__DUPLICATE_METHOD_MATCH = YES;
				"CODE_SIGN_IDENTITY[sdk=iphoneos*]" = "iPhone Developer";
				COPY_PHASE_STRIP = NO;
				DEBUG_INFORMATION_FORMAT = "dwarf-with-dsym";
				ENABLE_NS_ASSERTIONS = NO;
				ENABLE_STRICT_OBJC_MSGSEND = YES;
				GCC_C_LANGUAGE_STANDARD = gnu99;
				GCC_NO_COMMON_BLOCKS = YES;
				GCC_WARN_64_TO_32_BIT_CONVERSION = YES;
				GCC_WARN_ABOUT_RETURN_TYPE = YES_ERROR;
				GCC_WARN_UNDECLARED_SELECTOR = YES;
				GCC_WARN_UNINITIALIZED_AUTOS = YES_AGGRESSIVE;
				GCC_WARN_UNUSED_FUNCTION = YES;
				GCC_WARN_UNUSED_VARIABLE = YES;
				IPHONEOS_DEPLOYMENT_TARGET = 9.0;
				MTL_ENABLE_DEBUG_INFO = NO;
				SDKROOT = iphoneos;
				TARGETED_DEVICE_FAMILY = "1,2";
				VALIDATE_PRODUCT = YES;
			};
			name = Release;
		};
		812732CE1BA7FF9D00C5099D /* Debug */ = {
			isa = XCBuildConfiguration;
			buildSettings = {
				ASSETCATALOG_COMPILER_APPICON_NAME = AppIcon;
				INFOPLIST_FILE = ladder/Info.plist;
				LD_RUNPATH_SEARCH_PATHS = "$(inherited) @executable_path/Frameworks";
				PRODUCT_BUNDLE_IDENTIFIER = ladder.ladder;
				PRODUCT_NAME = "$(TARGET_NAME)";
			};
			name = Debug;
		};
		812732CF1BA7FF9D00C5099D /* Release */ = {
			isa = XCBuildConfiguration;
			buildSettings = {
				ASSETCATALOG_COMPILER_APPICON_NAME = AppIcon;
				INFOPLIST_FILE = ladder/Info.plist;
				LD_RUNPATH_SEARCH_PATHS = "$(inherited) @executable_path/Frameworks";
				PRODUCT_BUNDLE_IDENTIFIER = ladder.ladder;
				PRODUCT_NAME = "$(TARGET_NAME)";
			};
			name = Release;
		};
/* End XCBuildConfiguration section */

/* Begin XCConfigurationList section */
		812732AE1BA7FF9D00C5099D /* Build configuration list for PBXProject "ladder" */ = {
			isa = XCConfigurationList;
			buildConfigurations = (
				812732CB1BA7FF9D00C5099D /* Debug */,
				812732CC1BA7FF9D00C5099D /* Release */,
			);
			defaultConfigurationIsVisible = 0;
			defaultConfigurationName = Release;
		};
		812732CD1BA7FF9D00C5099D /* Build configuration list for PBXNativeTarget "ladder" */ = {
			isa = XCConfigurationList;
			buildConfigurations = (
				812732CE1BA7FF9D00C5099D /* Debug */,
				812732CF1BA7FF9D00C5099D /* Release */,
			);
			defaultConfigurationIsVisible = 0;
			defaultConfigurationName = Release;
		};
/* End XCConfigurationList section */
	};
	rootObject = 812732AB1BA7FF9D00C5099D /* Project object */;
}
